
Microsoft Visual Studio Solution File, Format Version 12.00
# Visual Studio Version 17
VisualStudioVersion = 17.4.33403.182
MinimumVisualStudioVersion = 10.0.40219.1
Project("{FAE04EC0-301F-11D3-BF4B-00C04F79EFBC}") = "ShoppingListAPI", "ShoppingListAPI.csproj", "{2E2C4DD6-48BD-48D7-B3BD-92DE6C4DD6F4}"
EndProject
Global
	GlobalSection(SolutionConfigurationPlatforms) = preSolution
		Debug|Any CPU = Debug|Any CPU
		Release|Any CPU = Release|Any CPU
	EndGlobalSection
	GlobalSection(ProjectConfigurationPlatforms) = postSolution
		{2E2C4DD6-48BD-48D7-B3BD-92DE6C4DD6F4}.Debug|Any CPU.ActiveCfg = Debug|Any CPU
		{2E2C4DD6-48BD-48D7-B3BD-92DE6C4DD6F4}.Debug|Any CPU.Build.0 = Debug|Any CPU
		{2E2C4DD6-48BD-48D7-B3BD-92DE6C4DD6F4}.Release|Any CPU.ActiveCfg = Release|Any CPU
		{2E2C4DD6-48BD-48D7-B3BD-92DE6C4DD6F4}.Release|Any CPU.Build.0 = Release|Any CPU
	EndGlobalSection
	GlobalSection(SolutionProperties) = preSolution
		HideSolutionNode = FALSE
	EndGlobalSection
	GlobalSection(ExtensibilityGlobals) = postSolution
		SolutionGuid = {E36393F2-4CF1-4028-9934-AB205F233F0C}
	EndGlobalSection
EndGlobal
